{
    "_readme": [
        "This file locks the dependencies of your project to a known state",
        "Read more about it at http://getcomposer.org/doc/01-basic-usage.md#composer-lock-the-lock-file",
        "This file is @generated automatically"
    ],
    "hash": "931c939f7763940e5f9f6e0d92dee0e2",
    "packages": [
        {
            "name": "asofter/yii2-imperavi-redactor",
            "version": "dev-master",
            "target-dir": "yii/imperavi",
            "source": {
                "type": "git",
                "url": "https://github.com/asofter/yii2-imperavi-redactor.git",
                "reference": "65bd830926f2d397db0edf28f614da0ef2f27212"
            },
            "dist": {
                "type": "zip",
                "url": "https://api.github.com/repos/asofter/yii2-imperavi-redactor/zipball/65bd830926f2d397db0edf28f614da0ef2f27212",
                "reference": "65bd830926f2d397db0edf28f614da0ef2f27212",
                "shasum": ""
            },
            "require": {
                "yiisoft/yii2": "*"
            },
            "type": "yii2-extension",
            "autoload": {
                "psr-0": {
                    "yii\\imperavi\\": ""
                }
            },
            "notification-url": "https://packagist.org/downloads/",
            "license": [
                "BSD-3-Clause"
            ],
            "authors": [
                {
                    "name": "Alexander Yaremchuk",
                    "email": "alwex10@gmail.com"
                },
                {
                    "name": "Veaceslav Medvedev",
                    "email": "slavcopost@gmail.com"
                },
                {
                    "name": "Alexander Makarov",
                    "email": "sam@rmcreative.ru",
                    "homepage": "http://rmcreative.ru/"
                }
            ],
            "description": "Imperavi Redactor WYSIWYG widget (OEM-licensed for Yii 2)",
            "keywords": [
                "imperavi",
                "imperavi redactor",
                "yii"
            ],
            "time": "2014-07-23 06:33:01"
        },
        {
            "name": "cebe/markdown",
            "version": "0.9.x-dev",
            "source": {
                "type": "git",
                "url": "https://github.com/cebe/markdown.git",
                "reference": "6a3c3737e9c1f4670f39a771f77b536126788ad2"
            },
            "dist": {
                "type": "zip",
                "url": "https://api.github.com/repos/cebe/markdown/zipball/6a3c3737e9c1f4670f39a771f77b536126788ad2",
                "reference": "6a3c3737e9c1f4670f39a771f77b536126788ad2",
                "shasum": ""
            },
            "require": {
                "lib-pcre": "*",
                "php": ">=5.4.0"
            },
            "require-dev": {
                "phpunit/phpunit": "3.7.*"
            },
            "bin": [
                "bin/markdown"
            ],
            "type": "library",
            "extra": {
                "branch-alias": {
                    "dev-master": "1.0.x-dev",
                    "dev-0.9.x-dev": "0.9.x-dev"
                }
            },
            "autoload": {
                "psr-4": {
                    "cebe\\markdown\\": ""
                }
            },
            "notification-url": "https://packagist.org/downloads/",
            "license": [
                "MIT"
            ],
            "authors": [
                {
                    "name": "Carsten Brandt",
                    "email": "mail@cebe.cc",
                    "homepage": "http://cebe.cc/",
                    "role": "Creator"
                }
            ],
            "description": "A super fast highly extensible markdown parser for PHP",
            "homepage": "https://github.com/cebe/markdown#readme",
            "keywords": [
                "extensible",
                "fast",
                "gfm",
                "markdown",
                "markdown-extra"
            ],
            "time": "2014-03-05 16:30:51"
        },
        {
            "name": "ezyang/htmlpurifier",
            "version": "v4.6.0",
            "source": {
                "type": "git",
                "url": "https://github.com/ezyang/htmlpurifier.git",
                "reference": "6f389f0f25b90d0b495308efcfa073981177f0fd"
            },
            "dist": {
                "type": "zip",
                "url": "https://api.github.com/repos/ezyang/htmlpurifier/zipball/6f389f0f25b90d0b495308efcfa073981177f0fd",
                "reference": "6f389f0f25b90d0b495308efcfa073981177f0fd",
                "shasum": ""
            },
            "require": {
                "php": ">=5.2"
            },
            "type": "library",
            "autoload": {
                "psr-0": {
                    "HTMLPurifier": "library/"
                },
                "files": [
                    "library/HTMLPurifier.composer.php"
                ]
            },
            "notification-url": "https://packagist.org/downloads/",
            "license": [
                "LGPL"
            ],
            "authors": [
                {
                    "name": "Edward Z. Yang",
                    "email": "admin@htmlpurifier.org",
                    "homepage": "http://ezyang.com",
                    "role": "Developer"
                }
            ],
            "description": "Standards compliant HTML filter written in PHP",
            "homepage": "http://htmlpurifier.org/",
            "keywords": [
                "html"
            ],
            "time": "2013-11-30 08:25:19"
        },
        {
            "name": "imagine/imagine",
            "version": "v0.5.0",
            "source": {
                "type": "git",
                "url": "https://github.com/avalanche123/Imagine.git",
                "reference": "f64ec666baaa800edcbf237db41121a569230709"
            },
            "dist": {
                "type": "zip",
                "url": "https://api.github.com/repos/avalanche123/Imagine/zipball/f64ec666baaa800edcbf237db41121a569230709",
                "reference": "f64ec666baaa800edcbf237db41121a569230709",
                "shasum": ""
            },
            "require": {
                "php": ">=5.3.2"
            },
            "require-dev": {
                "sami/sami": "dev-master"
            },
            "suggest": {
                "ext-gd": "to use the GD implementation",
                "ext-gmagick": "to use the Gmagick implementation",
                "ext-imagick": "to use the Imagick implementation"
            },
            "type": "library",
            "autoload": {
                "psr-0": {
                    "Imagine": "lib/"
                }
            },
            "notification-url": "https://packagist.org/downloads/",
            "license": [
                "MIT"
            ],
            "authors": [
                {
                    "name": "Bulat Shakirzyanov",
                    "email": "mallluhuct@gmail.com",
                    "homepage": "http://avalanche123.com"
                }
            ],
            "description": "Image processing for PHP 5.3",
            "homepage": "http://imagine.readthedocs.org/",
            "keywords": [
                "drawing",
                "graphics",
                "image manipulation",
                "image processing"
            ],
            "time": "2013-07-10 17:25:36"
        },
        {
            "name": "mihaildev/yii2-elfinder",
            "version": "dev-master",
            "source": {
                "type": "git",
                "url": "https://github.com/MihailDev/yii2-elfinder.git",
                "reference": "fe24d595d28e6c8a62c09d999f6a2f53e6de62d9"
            },
            "dist": {
                "type": "zip",
                "url": "https://api.github.com/repos/MihailDev/yii2-elfinder/zipball/fe24d595d28e6c8a62c09d999f6a2f53e6de62d9",
                "reference": "fe24d595d28e6c8a62c09d999f6a2f53e6de62d9",
                "shasum": ""
            },
            "require": {
                "yiisoft/yii2-jui": "*"
            },
            "type": "yii2-extension",
            "autoload": {
                "psr-4": {
                    "mihaildev\\elfinder\\": ""
                }
            },
            "notification-url": "https://packagist.org/downloads/",
            "license": [
                "BSD-3-Clause"
            ],
            "authors": [
                {
                    "name": "Mihail",
                    "email": "mihail.kucher@gmail.com",
                    "homepage": "https://github.com/MihailDev",
                    "role": "Developer"
                }
            ],
            "description": "Yii2 ElFinder",
            "homepage": "https://github.com/MihailDev/yii2-elfinder",
            "keywords": [
                "elfinder",
                "filemanager",
                "yii"
            ],
            "time": "2014-08-27 21:14:31"
        },
        {
            "name": "swiftmailer/swiftmailer",
            "version": "dev-master",
            "source": {
                "type": "git",
                "url": "https://github.com/swiftmailer/swiftmailer.git",
                "reference": "8a2bcc6045e92acfbfea252cb6b444bc8c3f171e"
            },
            "dist": {
                "type": "zip",
                "url": "https://api.github.com/repos/swiftmailer/swiftmailer/zipball/8a2bcc6045e92acfbfea252cb6b444bc8c3f171e",
                "reference": "8a2bcc6045e92acfbfea252cb6b444bc8c3f171e",
                "shasum": ""
            },
            "require": {
                "php": ">=5.2.4"
            },
            "require-dev": {
                "mockery/mockery": "~0.9.1"
            },
            "type": "library",
            "extra": {
                "branch-alias": {
                    "dev-master": "5.2-dev"
                }
            },
            "autoload": {
                "files": [
                    "lib/swift_required.php"
                ]
            },
            "notification-url": "https://packagist.org/downloads/",
            "license": [
                "MIT"
            ],
            "authors": [
                {
                    "name": "Chris Corbyn"
                },
                {
                    "name": "Fabien Potencier",
                    "email": "fabien@symfony.com"
                }
            ],
            "description": "Swiftmailer, free feature-rich PHP mailer",
            "homepage": "http://swiftmailer.org",
            "keywords": [
                "mail",
                "mailer"
            ],
            "time": "2014-08-27 09:29:44"
        },
        {
            "name": "trntv/system-info",
            "version": "dev-master",
            "source": {
                "type": "git",
                "url": "https://github.com/trntv/system-info.git",
                "reference": "df520b925ed6184e6e23658d42cee9927443107f"
            },
            "dist": {
                "type": "zip",
                "url": "https://api.github.com/repos/trntv/system-info/zipball/df520b925ed6184e6e23658d42cee9927443107f",
                "reference": "df520b925ed6184e6e23658d42cee9927443107f",
                "shasum": ""
            },
            "type": "library",
            "autoload": {
                "psr-4": {
                    "trntv\\systeminfo\\": ""
                }
            },
            "license": [
                "MIT"
            ],
            "authors": [
                {
                    "name": "Eugine Terentev",
                    "email": "eugine@terentev.net"
                }
            ],
            "description": "Simple system information helper",
            "support": {
                "source": "https://github.com/trntv/system-info/tree/master",
                "issues": "https://github.com/trntv/system-info/issues"
            },
            "time": "2014-08-31 13:41:54"
        },
        {
            "name": "trntv/yii2-aceeditor",
            "version": "dev-master",
            "source": {
                "type": "git",
                "url": "https://github.com/trntv/yii2-aceeditor.git",
                "reference": "d3b7d7ab4364f8b4802504dd7f53a0e6f36e9398"
            },
            "dist": {
                "type": "zip",
                "url": "https://api.github.com/repos/trntv/yii2-aceeditor/zipball/d3b7d7ab4364f8b4802504dd7f53a0e6f36e9398",
                "reference": "d3b7d7ab4364f8b4802504dd7f53a0e6f36e9398",
                "shasum": ""
            },
            "require": {
                "yiisoft/yii2": "*"
            },
            "type": "yii2-extension",
            "autoload": {
                "psr-4": {
                    "trntv\\aceeditor\\": ""
                }
            },
            "notification-url": "https://packagist.org/downloads/",
            "license": [
                "BSD-3-Clause"
            ],
            "authors": [
                {
                    "name": "Eugine Terentev",
                    "email": "eugine@terentev.net"
                }
            ],
            "description": "Yii2 ajax.org Ace Editor widget",
            "keywords": [
                "aceeditor",
                "code editor",
                "yii"
            ],
            "time": "2014-08-18 14:48:00"
        },
        {
            "name": "trntv/yii2-file-kit",
            "version": "dev-master",
            "source": {
                "type": "git",
                "url": "https://github.com/trntv/yii2-file-kit.git",
                "reference": "902061731fdce81fb41631dd5a340659f4224152"
            },
            "dist": {
                "type": "zip",
                "url": "https://api.github.com/repos/trntv/yii2-file-kit/zipball/902061731fdce81fb41631dd5a340659f4224152",
                "reference": "902061731fdce81fb41631dd5a340659f4224152",
                "shasum": ""
            },
            "require": {
                "yiisoft/yii2": "*"
            },
            "type": "yii2-extension",
            "autoload": {
                "psr-4": {
                    "trntv\\filekit\\": ""
                }
            },
            "notification-url": "https://packagist.org/downloads/",
            "license": [
                "BSD-3-Clause"
            ],
            "authors": [
                {
                    "name": "Eugine Terentev",
                    "email": "eugine@terentev.net"
                }
            ],
            "description": "Yii2 file upload and storage kit",
            "time": "2014-08-27 07:51:18"
        },
        {
            "name": "twbs/bootstrap",
            "version": "dev-master",
            "source": {
                "type": "git",
                "url": "https://github.com/twbs/bootstrap.git",
                "reference": "5603311acd6f06c15802ebdae5d94a6b2de6bb22"
            },
            "dist": {
                "type": "zip",
                "url": "https://api.github.com/repos/twbs/bootstrap/zipball/5603311acd6f06c15802ebdae5d94a6b2de6bb22",
                "reference": "5603311acd6f06c15802ebdae5d94a6b2de6bb22",
                "shasum": ""
            },
            "replace": {
                "twitter/bootstrap": "self.version"
            },
            "type": "library",
            "extra": {
                "branch-alias": {
                    "dev-master": "3.2.x-dev"
                }
            },
            "notification-url": "https://packagist.org/downloads/",
            "license": [
                "MIT"
            ],
            "authors": [
                {
                    "name": "Jacob Thornton",
                    "email": "jacobthornton@gmail.com"
                },
                {
                    "name": "Mark Otto",
                    "email": "markdotto@gmail.com"
                }
            ],
            "description": "The most popular front-end framework for developing responsive, mobile first projects on the web.",
            "homepage": "http://getbootstrap.com",
            "keywords": [
                "JS",
                "css",
                "framework",
                "front-end",
                "less",
                "mobile-first",
                "responsive",
                "web"
            ],
            "time": "2014-09-05 05:40:37"
        },
        {
            "name": "yiisoft/jquery",
            "version": "2.1.1",
            "source": {
                "type": "git",
                "url": "https://github.com/yiisoft/jquery.git",
                "reference": "bc09bbbc8b40cf89812036188b6f94ae7627c73c"
            },
            "dist": {
                "type": "zip",
                "url": "https://api.github.com/repos/yiisoft/jquery/zipball/bc09bbbc8b40cf89812036188b6f94ae7627c73c",
                "reference": "bc09bbbc8b40cf89812036188b6f94ae7627c73c",
                "shasum": ""
            },
            "type": "library",
            "notification-url": "https://packagist.org/downloads/",
            "license": [
                "MIT"
            ],
            "description": "jQuery JavaScript Library",
            "homepage": "http://jquery.com",
            "time": "2014-05-07 05:00:09"
        },
        {
            "name": "yiisoft/jquery-pjax",
            "version": "dev-master",
            "source": {
                "type": "git",
                "url": "https://github.com/yiisoft/jquery-pjax.git",
                "reference": "98caa41b39c0d8ab6fd4451ed249de7c0d05256a"
            },
            "dist": {
                "type": "zip",
                "url": "https://api.github.com/repos/yiisoft/jquery-pjax/zipball/98caa41b39c0d8ab6fd4451ed249de7c0d05256a",
                "reference": "98caa41b39c0d8ab6fd4451ed249de7c0d05256a",
                "shasum": ""
            },
            "require": {
                "yiisoft/jquery": ">=1.8"
            },
            "type": "library",
            "notification-url": "https://packagist.org/downloads/",
            "license": [
                "MIT"
            ],
            "description": "pushState + ajax = pjax, a forked maintainted by the Yii Framework core developers",
            "homepage": "https://github.com/yiisoft/jquery-pjax#readme",
            "time": "2014-09-02 18:40:28"
        },
        {
            "name": "yiisoft/yii2",
            "version": "dev-master",
            "source": {
                "type": "git",
                "url": "https://github.com/yiisoft/yii2-framework.git",
                "reference": "7cac6f96386485f18661b1324afec28403db3cd3"
            },
            "dist": {
                "type": "zip",
                "url": "https://api.github.com/repos/yiisoft/yii2-framework/zipball/7cac6f96386485f18661b1324afec28403db3cd3",
                "reference": "7cac6f96386485f18661b1324afec28403db3cd3",
                "shasum": ""
            },
            "require": {
                "cebe/markdown": "0.9.*",
                "ext-mbstring": "*",
                "ezyang/htmlpurifier": "4.6.*",
                "lib-pcre": "*",
                "php": ">=5.4.0",
                "yiisoft/jquery": "~2.0 | ~1.10",
                "yiisoft/jquery-pjax": "*",
                "yiisoft/yii2-composer": "*"
            },
            "bin": [
                "yii"
            ],
            "type": "library",
            "autoload": {
                "psr-4": {
                    "yii\\": ""
                }
            },
            "notification-url": "https://packagist.org/downloads/",
            "license": [
                "BSD-3-Clause"
            ],
            "authors": [
                {
                    "name": "Qiang Xue",
                    "email": "qiang.xue@gmail.com",
                    "homepage": "http://www.yiiframework.com/",
                    "role": "Founder and project lead"
                },
                {
                    "name": "Alexander Makarov",
                    "email": "sam@rmcreative.ru",
                    "homepage": "http://rmcreative.ru/",
                    "role": "Core framework development"
                },
                {
                    "name": "Maurizio Domba",
                    "homepage": "http://mdomba.info/",
                    "role": "Core framework development"
                },
                {
                    "name": "Carsten Brandt",
                    "email": "mail@cebe.cc",
                    "homepage": "http://cebe.cc/",
                    "role": "Core framework development"
                },
                {
                    "name": "Timur Ruziev",
                    "email": "resurtm@gmail.com",
                    "homepage": "http://resurtm.com/",
                    "role": "Core framework development"
                },
                {
                    "name": "Paul Klimov",
                    "email": "klimov.paul@gmail.com",
                    "role": "Core framework development"
                }
            ],
            "description": "Yii PHP Framework Version 2",
            "homepage": "http://www.yiiframework.com/",
            "keywords": [
                "framework",
                "yii2"
            ],
            "time": "2014-09-06 03:10:23"
        },
        {
            "name": "yiisoft/yii2-bootstrap",
            "version": "dev-master",
            "source": {
                "type": "git",
                "url": "https://github.com/yiisoft/yii2-bootstrap.git",
                "reference": "a3ab453aa0d5e0b493207928ea220e83a6a0ae69"
            },
            "dist": {
                "type": "zip",
                "url": "https://api.github.com/repos/yiisoft/yii2-bootstrap/zipball/a3ab453aa0d5e0b493207928ea220e83a6a0ae69",
                "reference": "a3ab453aa0d5e0b493207928ea220e83a6a0ae69",
                "shasum": ""
            },
            "require": {
                "twbs/bootstrap": "3.2.* | 3.1.* | 3.0.*",
                "yiisoft/yii2": "*"
            },
            "type": "yii2-extension",
            "autoload": {
                "psr-4": {
                    "yii\\bootstrap\\": ""
                }
            },
            "notification-url": "https://packagist.org/downloads/",
            "license": [
                "BSD-3-Clause"
            ],
            "authors": [
                {
                    "name": "Qiang Xue",
                    "email": "qiang.xue@gmail.com"
                }
            ],
            "description": "The Twitter Bootstrap extension for the Yii framework",
            "keywords": [
                "bootstrap",
                "yii2"
            ],
            "time": "2014-09-05 17:37:52"
        },
        {
            "name": "yiisoft/yii2-composer",
            "version": "dev-master",
            "source": {
                "type": "git",
                "url": "https://github.com/yiisoft/yii2-composer.git",
                "reference": "f205416b9e4698af823c4ea6ec661a847188d5cf"
            },
            "dist": {
                "type": "zip",
                "url": "https://api.github.com/repos/yiisoft/yii2-composer/zipball/f205416b9e4698af823c4ea6ec661a847188d5cf",
                "reference": "f205416b9e4698af823c4ea6ec661a847188d5cf",
                "shasum": ""
            },
            "require": {
                "composer-plugin-api": "1.0.0"
            },
            "type": "composer-plugin",
            "extra": {
                "class": "yii\\composer\\Plugin"
            },
            "autoload": {
                "psr-4": {
                    "yii\\composer\\": ""
                }
            },
            "notification-url": "https://packagist.org/downloads/",
            "license": [
                "BSD-3-Clause"
            ],
            "authors": [
                {
                    "name": "Qiang Xue",
                    "email": "qiang.xue@gmail.com"
                }
            ],
            "description": "The composer plugin for Yii extension installer",
            "keywords": [
                "composer",
                "extension installer",
                "yii2"
            ],
            "time": "2014-09-03 03:17:50"
        },
        {
            "name": "yiisoft/yii2-imagine",
            "version": "dev-master",
            "source": {
                "type": "git",
                "url": "https://github.com/yiisoft/yii2-imagine.git",
                "reference": "572a6f08a4de15703e528614d1c6610bae27f9b1"
            },
            "dist": {
                "type": "zip",
                "url": "https://api.github.com/repos/yiisoft/yii2-imagine/zipball/572a6f08a4de15703e528614d1c6610bae27f9b1",
                "reference": "572a6f08a4de15703e528614d1c6610bae27f9b1",
                "shasum": ""
            },
            "require": {
                "imagine/imagine": "v0.5.0",
                "yiisoft/yii2": "*"
            },
            "type": "yii2-extension",
            "autoload": {
                "psr-4": {
                    "yii\\imagine\\": ""
                }
            },
            "notification-url": "https://packagist.org/downloads/",
            "license": [
                "BSD-3-Clause"
            ],
            "authors": [
                {
                    "name": "Antonio Ramirez",
                    "email": "amigo.cobos@gmail.com"
                }
            ],
            "description": "The Imagine integration for the Yii framework",
            "keywords": [
                "helper",
                "image",
                "imagine",
                "yii2"
            ],
            "time": "2014-07-29 22:40:46"
        },
        {
            "name": "yiisoft/yii2-jui",
            "version": "dev-master",
            "source": {
                "type": "git",
                "url": "https://github.com/yiisoft/yii2-jui.git",
                "reference": "43e3ccb5afe81f9e3e7cdb44dabe24bfbffda832"
            },
            "dist": {
                "type": "zip",
                "url": "https://api.github.com/repos/yiisoft/yii2-jui/zipball/43e3ccb5afe81f9e3e7cdb44dabe24bfbffda832",
                "reference": "43e3ccb5afe81f9e3e7cdb44dabe24bfbffda832",
                "shasum": ""
            },
            "require": {
                "yiisoft/yii2": "*"
            },
            "type": "yii2-extension",
            "autoload": {
                "psr-4": {
                    "yii\\jui\\": ""
                }
            },
            "notification-url": "https://packagist.org/downloads/",
            "license": [
                "BSD-3-Clause"
            ],
            "authors": [
                {
                    "name": "Qiang Xue",
                    "email": "qiang.xue@gmail.com"
                }
            ],
            "description": "The Jquery UI extension for the Yii framework",
            "keywords": [
                "jQuery UI",
                "yii2"
            ],
            "time": "2014-08-29 19:48:17"
        },
        {
            "name": "yiisoft/yii2-swiftmailer",
            "version": "dev-master",
            "source": {
                "type": "git",
                "url": "https://github.com/yiisoft/yii2-swiftmailer.git",
                "reference": "5f50b47f0787ed6eb08ff0cda825a202d24dc392"
            },
            "dist": {
                "type": "zip",
                "url": "https://api.github.com/repos/yiisoft/yii2-swiftmailer/zipball/5f50b47f0787ed6eb08ff0cda825a202d24dc392",
                "reference": "5f50b47f0787ed6eb08ff0cda825a202d24dc392",
                "shasum": ""
            },
            "require": {
                "swiftmailer/swiftmailer": "*",
                "yiisoft/yii2": "*"
            },
            "type": "yii2-extension",
            "autoload": {
                "psr-4": {
                    "yii\\swiftmailer\\": ""
                }
            },
            "notification-url": "https://packagist.org/downloads/",
            "license": [
                "BSD-3-Clause"
            ],
            "authors": [
                {
                    "name": "Paul Klimov",
                    "email": "klimov.paul@gmail.com"
                }
            ],
            "description": "The SwiftMailer integration for the Yii framework",
            "keywords": [
                "email",
                "mail",
                "mailer",
                "swift",
                "swiftmailer",
                "yii2"
            ],
            "time": "2014-07-29 22:40:46"
        }
    ],
    "packages-dev": [
        {
            "name": "phpspec/php-diff",
            "version": "dev-master",
            "source": {
                "type": "git",
                "url": "https://github.com/phpspec/php-diff.git",
                "reference": "30e103d19519fe678ae64a60d77884ef3d71b28a"
            },
            "dist": {
                "type": "zip",
                "url": "https://api.github.com/repos/phpspec/php-diff/zipball/30e103d19519fe678ae64a60d77884ef3d71b28a",
                "reference": "30e103d19519fe678ae64a60d77884ef3d71b28a",
                "shasum": ""
            },
            "type": "library",
            "autoload": {
                "psr-0": {
                    "Diff": "lib/"
                }
            },
            "notification-url": "https://packagist.org/downloads/",
            "license": [
                "BSD-3-Clause"
            ],
            "authors": [
                {
                    "name": "Chris Boulton",
                    "homepage": "http://github.com/chrisboulton",
                    "role": "Original developer"
                }
            ],
            "description": "A comprehensive library for generating differences between two hashable objects (strings or arrays).",
            "time": "2013-11-01 13:02:21"
        },
        {
            "name": "yiisoft/yii2-debug",
            "version": "dev-master",
            "source": {
                "type": "git",
                "url": "https://github.com/yiisoft/yii2-debug.git",
                "reference": "b83cbe8e35bbfc99d95549309186914fb6f33ca7"
            },
            "dist": {
                "type": "zip",
                "url": "https://api.github.com/repos/yiisoft/yii2-debug/zipball/b83cbe8e35bbfc99d95549309186914fb6f33ca7",
                "reference": "b83cbe8e35bbfc99d95549309186914fb6f33ca7",
                "shasum": ""
            },
            "require": {
                "yiisoft/yii2": "*",
                "yiisoft/yii2-bootstrap": "*"
            },
            "type": "yii2-extension",
            "autoload": {
                "psr-4": {
                    "yii\\debug\\": ""
                }
            },
            "notification-url": "https://packagist.org/downloads/",
            "license": [
                "BSD-3-Clause"
            ],
            "authors": [
                {
                    "name": "Qiang Xue",
                    "email": "qiang.xue@gmail.com"
                }
            ],
            "description": "The debugger extension for the Yii framework",
            "keywords": [
                "debug",
                "debugger",
                "yii2"
            ],
            "time": "2014-08-28 20:28:03"
        },
        {
            "name": "yiisoft/yii2-gii",
            "version": "dev-master",
            "source": {
                "type": "git",
                "url": "https://github.com/yiisoft/yii2-gii.git",
                "reference": "3062e56767747143d75553d52795e048959dfee0"
            },
            "dist": {
                "type": "zip",
                "url": "https://api.github.com/repos/yiisoft/yii2-gii/zipball/3062e56767747143d75553d52795e048959dfee0",
                "reference": "3062e56767747143d75553d52795e048959dfee0",
                "shasum": ""
            },
            "require": {
                "phpspec/php-diff": ">=1.0.2",
                "yiisoft/yii2": "*",
                "yiisoft/yii2-bootstrap": "*"
            },
            "type": "yii2-extension",
            "autoload": {
                "psr-4": {
                    "yii\\gii\\": ""
                }
            },
            "notification-url": "https://packagist.org/downloads/",
            "license": [
                "BSD-3-Clause"
            ],
            "authors": [
                {
                    "name": "Qiang Xue",
                    "email": "qiang.xue@gmail.com"
                }
            ],
            "description": "The Gii extension for the Yii framework",
            "keywords": [
                "code generator",
                "gii",
                "yii2"
            ],
            "time": "2014-09-03 18:09:30"
        }
    ],
    "aliases": [

    ],
    "minimum-stability": "dev",
    "stability-flags": {
        "trntv/yii2-file-kit": 20
    },
    "prefer-stable": false,
    "platform": {
        "php": ">=5.4.0",
        "ext-intl": "*",
        "ext-mcrypt": "*"
    },
    "platform-dev": [

    ]
}
